
Microsoft Visual Studio Solution File, Format Version 12.00
# Visual Studio Version 16
VisualStudioVersion = 16.0.33529.622
MinimumVisualStudioVersion = 10.0.40219.1
Project("{9A19103F-16F7-4668-BE54-9A1E7A4F7556}") = "CalenderApi", "CalenderApi\CalenderApi.csproj", "{47B19FBB-7E7A-45A1-96A7-91A711F19536}"
EndProject
Project("{FAE04EC0-301F-11D3-BF4B-00C04F79EFBC}") = "CalenderApiBLL", "CalenderApiBLL\CalenderApiBLL.csproj", "{F53C49DB-BE36-4171-94DD-48E4E7F50B5C}"
EndProject
Project("{FAE04EC0-301F-11D3-BF4B-00C04F79EFBC}") = "CalenderApiDAL", "CalenderApiDAL\CalenderApiDAL.csproj", "{B2947BB7-866A-47BB-9643-BA094922441C}"
EndProject
Global
	GlobalSection(SolutionConfigurationPlatforms) = preSolution
		Debug|Any CPU = Debug|Any CPU
		Release|Any CPU = Release|Any CPU
	EndGlobalSection
	GlobalSection(ProjectConfigurationPlatforms) = postSolution
		{47B19FBB-7E7A-45A1-96A7-91A711F19536}.Debug|Any CPU.ActiveCfg = Debug|Any CPU
		{47B19FBB-7E7A-45A1-96A7-91A711F19536}.Debug|Any CPU.Build.0 = Debug|Any CPU
		{47B19FBB-7E7A-45A1-96A7-91A711F19536}.Release|Any CPU.ActiveCfg = Release|Any CPU
		{47B19FBB-7E7A-45A1-96A7-91A711F19536}.Release|Any CPU.Build.0 = Release|Any CPU
		{F53C49DB-BE36-4171-94DD-48E4E7F50B5C}.Debug|Any CPU.ActiveCfg = Debug|Any CPU
		{F53C49DB-BE36-4171-94DD-48E4E7F50B5C}.Debug|Any CPU.Build.0 = Debug|Any CPU
		{F53C49DB-BE36-4171-94DD-48E4E7F50B5C}.Release|Any CPU.ActiveCfg = Release|Any CPU
		{F53C49DB-BE36-4171-94DD-48E4E7F50B5C}.Release|Any CPU.Build.0 = Release|Any CPU
		{B2947BB7-866A-47BB-9643-BA094922441C}.Debug|Any CPU.ActiveCfg = Debug|Any CPU
		{B2947BB7-866A-47BB-9643-BA094922441C}.Debug|Any CPU.Build.0 = Debug|Any CPU
		{B2947BB7-866A-47BB-9643-BA094922441C}.Release|Any CPU.ActiveCfg = Release|Any CPU
		{B2947BB7-866A-47BB-9643-BA094922441C}.Release|Any CPU.Build.0 = Release|Any CPU
	EndGlobalSection
	GlobalSection(SolutionProperties) = preSolution
		HideSolutionNode = FALSE
	EndGlobalSection
	GlobalSection(ExtensibilityGlobals) = postSolution
		SolutionGuid = {E2D107F4-0D60-44A2-BA44-AF0B88E4161A}
	EndGlobalSection
EndGlobal
